
Microsoft Visual Studio Solution File, Format Version 12.00
# Visual Studio 15
VisualStudioVersion = 15.0.26228.4
MinimumVisualStudioVersion = 10.0.40219.1
Project("{2150E333-8FDC-42A3-9474-1A3956D46DE8}") = ".nuget", ".nuget", "{AA47D163-2ECF-45FB-8798-2432681396B5}"
	ProjectSection(SolutionItems) = preProject
		.nuget\NuGet.Config = .nuget\NuGet.Config
		.nuget\NuGet.exe = .nuget\NuGet.exe
		.nuget\NuGet.targets = .nuget\NuGet.targets
	EndProjectSection
EndProject
Project("{FAE04EC0-301F-11D3-BF4B-00C04F79EFBC}") = "GlyphTest", "GlyphTest\GlyphTest.csproj", "{C7167BA9-5262-4774-B63A-CDF3A54F9371}"
EndProject
Project("{FAE04EC0-301F-11D3-BF4B-00C04F79EFBC}") = "HtmlRenderer.WPF", "HtmlRenderer.WPF\HtmlRenderer.WPF.csproj", "{7E4E8DB5-85AD-4388-BDCB-38C6F423B8B0}"
EndProject
Project("{FAE04EC0-301F-11D3-BF4B-00C04F79EFBC}") = "HtmlRenderer", "HtmlRenderer\HtmlRenderer.csproj", "{FE611685-391F-4E3E-B27E-D3150E51E49B}"
EndProject
Global
	GlobalSection(SolutionConfigurationPlatforms) = preSolution
		Debug|Any CPU = Debug|Any CPU
		Debug|Mixed Platforms = Debug|Mixed Platforms
		Debug|x86 = Debug|x86
		Release|Any CPU = Release|Any CPU
		Release|Mixed Platforms = Release|Mixed Platforms
		Release|x86 = Release|x86
	EndGlobalSection
	GlobalSection(ProjectConfigurationPlatforms) = postSolution
		{C7167BA9-5262-4774-B63A-CDF3A54F9371}.Debug|Any CPU.ActiveCfg = Debug|Any CPU
		{C7167BA9-5262-4774-B63A-CDF3A54F9371}.Debug|Any CPU.Build.0 = Debug|Any CPU
		{C7167BA9-5262-4774-B63A-CDF3A54F9371}.Debug|Mixed Platforms.ActiveCfg = Debug|Any CPU
		{C7167BA9-5262-4774-B63A-CDF3A54F9371}.Debug|Mixed Platforms.Build.0 = Debug|Any CPU
		{C7167BA9-5262-4774-B63A-CDF3A54F9371}.Debug|x86.ActiveCfg = Debug|Any CPU
		{C7167BA9-5262-4774-B63A-CDF3A54F9371}.Debug|x86.Build.0 = Debug|Any CPU
		{C7167BA9-5262-4774-B63A-CDF3A54F9371}.Release|Any CPU.ActiveCfg = Debug|Any CPU
		{C7167BA9-5262-4774-B63A-CDF3A54F9371}.Release|Any CPU.Build.0 = Debug|Any CPU
		{C7167BA9-5262-4774-B63A-CDF3A54F9371}.Release|Mixed Platforms.ActiveCfg = Release|Any CPU
		{C7167BA9-5262-4774-B63A-CDF3A54F9371}.Release|Mixed Platforms.Build.0 = Release|Any CPU
		{C7167BA9-5262-4774-B63A-CDF3A54F9371}.Release|x86.ActiveCfg = Release|Any CPU
		{C7167BA9-5262-4774-B63A-CDF3A54F9371}.Release|x86.Build.0 = Release|Any CPU
		{7E4E8DB5-85AD-4388-BDCB-38C6F423B8B0}.Debug|Any CPU.ActiveCfg = Debug|Any CPU
		{7E4E8DB5-85AD-4388-BDCB-38C6F423B8B0}.Debug|Any CPU.Build.0 = Debug|Any CPU
		{7E4E8DB5-85AD-4388-BDCB-38C6F423B8B0}.Debug|Mixed Platforms.ActiveCfg = Debug|Any CPU
		{7E4E8DB5-85AD-4388-BDCB-38C6F423B8B0}.Debug|Mixed Platforms.Build.0 = Debug|Any CPU
		{7E4E8DB5-85AD-4388-BDCB-38C6F423B8B0}.Debug|x86.ActiveCfg = Debug|Any CPU
		{7E4E8DB5-85AD-4388-BDCB-38C6F423B8B0}.Debug|x86.Build.0 = Debug|Any CPU
		{7E4E8DB5-85AD-4388-BDCB-38C6F423B8B0}.Release|Any CPU.ActiveCfg = Release|Any CPU
		{7E4E8DB5-85AD-4388-BDCB-38C6F423B8B0}.Release|Any CPU.Build.0 = Release|Any CPU
		{7E4E8DB5-85AD-4388-BDCB-38C6F423B8B0}.Release|Mixed Platforms.ActiveCfg = Release|Any CPU
		{7E4E8DB5-85AD-4388-BDCB-38C6F423B8B0}.Release|Mixed Platforms.Build.0 = Release|Any CPU
		{7E4E8DB5-85AD-4388-BDCB-38C6F423B8B0}.Release|x86.ActiveCfg = Release|Any CPU
		{7E4E8DB5-85AD-4388-BDCB-38C6F423B8B0}.Release|x86.Build.0 = Release|Any CPU
		{FE611685-391F-4E3E-B27E-D3150E51E49B}.Debug|Any CPU.ActiveCfg = Debug|Any CPU
		{FE611685-391F-4E3E-B27E-D3150E51E49B}.Debug|Any CPU.Build.0 = Debug|Any CPU
		{FE611685-391F-4E3E-B27E-D3150E51E49B}.Debug|Mixed Platforms.ActiveCfg = Debug|Any CPU
		{FE611685-391F-4E3E-B27E-D3150E51E49B}.Debug|Mixed Platforms.Build.0 = Debug|Any CPU
		{FE611685-391F-4E3E-B27E-D3150E51E49B}.Debug|x86.ActiveCfg = Debug|Any CPU
		{FE611685-391F-4E3E-B27E-D3150E51E49B}.Debug|x86.Build.0 = Debug|Any CPU
		{FE611685-391F-4E3E-B27E-D3150E51E49B}.Release|Any CPU.ActiveCfg = Release|Any CPU
		{FE611685-391F-4E3E-B27E-D3150E51E49B}.Release|Any CPU.Build.0 = Release|Any CPU
		{FE611685-391F-4E3E-B27E-D3150E51E49B}.Release|Mixed Platforms.ActiveCfg = Release|Any CPU
		{FE611685-391F-4E3E-B27E-D3150E51E49B}.Release|Mixed Platforms.Build.0 = Release|Any CPU
		{FE611685-391F-4E3E-B27E-D3150E51E49B}.Release|x86.ActiveCfg = Release|Any CPU
		{FE611685-391F-4E3E-B27E-D3150E51E49B}.Release|x86.Build.0 = Release|Any CPU
	EndGlobalSection
	GlobalSection(SolutionProperties) = preSolution
		HideSolutionNode = FALSE
	EndGlobalSection
EndGlobal
